
Microsoft Visual Studio Solution File, Format Version 12.00
# Visual Studio 15
VisualStudioVersion = 15.0.28307.1259
MinimumVisualStudioVersion = 10.0.40219.1
Project("{8BC9CEB8-8B4A-11D0-8D11-00A0C91BC942}") = "ThrottleAlgo", "ThrottleAlgo.vcxproj", "{AD5E78D5-D74A-4298-9D08-98FBD8523B3D}"
EndProject
Global
	GlobalSection(SolutionConfigurationPlatforms) = preSolution
		Debug|x64 = Debug|x64
		Debug|x86 = Debug|x86
		Release|x64 = Release|x64
		Release|x86 = Release|x86
	EndGlobalSection
	GlobalSection(ProjectConfigurationPlatforms) = postSolution
		{AD5E78D5-D74A-4298-9D08-98FBD8523B3D}.Debug|x64.ActiveCfg = Debug|x64
		{AD5E78D5-D74A-4298-9D08-98FBD8523B3D}.Debug|x64.Build.0 = Debug|x64
		{AD5E78D5-D74A-4298-9D08-98FBD8523B3D}.Debug|x86.ActiveCfg = Debug|Win32
		{AD5E78D5-D74A-4298-9D08-98FBD8523B3D}.Debug|x86.Build.0 = Debug|Win32
		{AD5E78D5-D74A-4298-9D08-98FBD8523B3D}.Release|x64.ActiveCfg = Release|x64
		{AD5E78D5-D74A-4298-9D08-98FBD8523B3D}.Release|x64.Build.0 = Release|x64
		{AD5E78D5-D74A-4298-9D08-98FBD8523B3D}.Release|x86.ActiveCfg = Release|Win32
		{AD5E78D5-D74A-4298-9D08-98FBD8523B3D}.Release|x86.Build.0 = Release|Win32
	EndGlobalSection
	GlobalSection(SolutionProperties) = preSolution
		HideSolutionNode = FALSE
	EndGlobalSection
	GlobalSection(ExtensibilityGlobals) = postSolution
		SolutionGuid = {44C0F9D1-529E-49EF-85CF-3633A0A214F9}
	EndGlobalSection
EndGlobal
